// !$*UTF8*$!
{
	archiveVersion = 1;
	classes = {
	};
	objectVersion = 46;
	objects = {

/* Begin PBXBuildFile section */
		803FD2101E80506F008FB388 /* AppDelegate.swift in Sources */ = {isa = PBXBuildFile; fileRef = 803FD20F1E80506F008FB388 /* AppDelegate.swift */; };
		803FD2121E80506F008FB388 /* ViewController.swift in Sources */ = {isa = PBXBuildFile; fileRef = 803FD2111E80506F008FB388 /* ViewController.swift */; };
		803FD2151E80506F008FB388 /* Main.storyboard in Resources */ = {isa = PBXBuildFile; fileRef = 803FD2131E80506F008FB388 /* Main.storyboard */; };
		803FD2171E80506F008FB388 /* Assets.xcassets in Resources */ = {isa = PBXBuildFile; fileRef = 803FD2161E80506F008FB388 /* Assets.xcassets */; };
		803FD21A1E80506F008FB388 /* LaunchScreen.storyboard in Resources */ = {isa = PBXBuildFile; fileRef = 803FD2181E80506F008FB388 /* LaunchScreen.storyboard */; };
/* End PBXBuildFile section */

/* Begin PBXFileReference section */
		803FD20C1E80506F008FB388 /* Aleatorio.app */ = {isa = PBXFileReference; explicitFileType = wrapper.application; includeInIndex = 0; path = Aleatorio.app; sourceTree = BUILT_PRODUCTS_DIR; };
		803FD20F1E80506F008FB388 /* AppDelegate.swift */ = {isa = PBXFileReference; lastKnownFileType = sourcecode.swift; path = AppDelegate.swift; sourceTree = "<group>"; };
		803FD2111E80506F008FB388 /* ViewController.swift */ = {isa = PBXFileReference; lastKnownFileType = sourcecode.swift; path = ViewController.swift; sourceTree = "<group>"; };
		803FD2141E80506F008FB388 /* Base */ = {isa = PBXFileReference; lastKnownFileType = file.storyboard; name = Base; path = Base.lproj/Main.storyboard; sourceTree = "<group>"; };
		803FD2161E80506F008FB388 /* Assets.xcassets */ = {isa = PBXFileReference; lastKnownFileType = folder.assetcatalog; path = Assets.xcassets; sourceTree = "<group>"; };
		803FD2191E80506F008FB388 /* Base */ = {isa = PBXFileReference; lastKnownFileType = file.storyboard; name = Base; path = Base.lproj/LaunchScreen.storyboard; sourceTree = "<group>"; };
		803FD21B1E80506F008FB388 /* Info.plist */ = {isa = PBXFileReference; lastKnownFileType = text.plist.xml; path = Info.plist; sourceTree = "<group>"; };
/* End PBXFileReference section */

/* Begin PBXFrameworksBuildPhase section */
		803FD2091E80506F008FB388 /* Frameworks */ = {
			isa = PBXFrameworksBuildPhase;
			buildActionMask = 2147483647;
			files = (
			);
			runOnlyForDeploymentPostprocessing = 0;
		};
/* End PBXFrameworksBuildPhase section */

/* Begin PBXGroup section */
		803FD2031E80506F008FB388 = {
			isa = PBXGroup;
			children = (
				803FD20E1E80506F008FB388 /* HolaMundo */,
				803FD20D1E80506F008FB388 /* Products */,
			);
			sourceTree = "<group>";
		};
		803FD20D1E80506F008FB388 /* Products */ = {
			isa = PBXGroup;
			children = (
				803FD20C1E80506F008FB388 /* Aleatorio.app */,
			);
			name = Products;
			sourceTree = "<group>";
		};
		803FD20E1E80506F008FB388 /* HolaMundo */ = {
			isa = PBXGroup;
			children = (
				803FD20F1E80506F008FB388 /* AppDelegate.swift */,
				803FD2111E80506F008FB388 /* ViewController.swift */,
				803FD2131E80506F008FB388 /* Main.storyboard */,
				803FD2161E80506F008FB388 /* Assets.xcassets */,
				803FD2181E80506F008FB388 /* LaunchScreen.storyboard */,
				803FD21B1E80506F008FB388 /* Info.plist */,
			);
			path = HolaMundo;
			sourceTree = "<group>";
		};
/* End PBXGroup section */

/* Begin PBXNativeTarget section */
		803FD20B1E80506F008FB388 /* Aleatorio */ = {
			isa = PBXNativeTarget;
			buildConfigurationList = 803FD21E1E80506F008FB388 /* Build configuration list for PBXNativeTarget "Aleatorio" */;
			buildPhases = (
				803FD2081E80506F008FB388 /* Sources */,
				803FD2091E80506F008FB388 /* Frameworks */,
				803FD20A1E80506F008FB388 /* Resources */,
			);
			buildRules = (
			);
			dependencies = (
			);
			name = Aleatorio;
			productName = HolaMundo;
			productReference = 803FD20C1E80506F008FB388 /* Aleatorio.app */;
			productType = "com.apple.product-type.application";
		};
/* End PBXNativeTarget section */

/* Begin PBXProject section */
		803FD2041E80506F008FB388 /* Project object */ = {
			isa = PBXProject;
			attributes = {
				LastSwiftUpdateCheck = 0820;
				LastUpgradeCheck = 0820;
				ORGANIZATIONNAME = "Dylan Cipagauta";
				TargetAttributes = {
					803FD20B1E80506F008FB388 = {
						CreatedOnToolsVersion = 8.2.1;
						DevelopmentTeam = 6SM6T77LCE;
						ProvisioningStyle = Automatic;
					};
				};
			};
			buildConfigurationList = 803FD2071E80506F008FB388 /* Build configuration list for PBXProject "Aleatorio" */;
			compatibilityVersion = "Xcode 3.2";
			developmentRegion = English;
			hasScannedForEncodings = 0;
			knownRegions = (
				en,
				Base,
			);
			mainGroup = 803FD2031E80506F008FB388;
			productRefGroup = 803FD20D1E80506F008FB388 /* Products */;
			projectDirPath = "";
			projectRoot = "";
			targets = (
				803FD20B1E80506F008FB388 /* Aleatorio */,
			);
		};
/* End PBXProject section */

/* Begin PBXResourcesBuildPhase section */
		803FD20A1E80506F008FB388 /* Resources */ = {
			isa = PBXResourcesBuildPhase;
			buildActionMask = 2147483647;
			files = (
				803FD21A1E80506F008FB388 /* LaunchScreen.storyboard in Resources */,
				803FD2171E80506F008FB388 /* Assets.xcassets in Resources */,
				803FD2151E80506F008FB388 /* Main.storyboard in Resources */,
			);
			runOnlyForDeploymentPostprocessing = 0;
		};
/* End PBXResourcesBuildPhase section */

/* Begin PBXSourcesBuildPhase section */
		803FD2081E80506F008FB388 /* Sources */ = {
			isa = PBXSourcesBuildPhase;
			buildActionMask = 2147483647;
			files = (
				803FD2121E80506F008FB388 /* ViewController.swift in Sources */,
				803FD2101E80506F008FB388 /* AppDelegate.swift in Sources */,
			);
			runOnlyForDeploymentPostprocessing = 0;
		};
/* End PBXSourcesBuildPhase section */

/* Begin PBXVariantGroup section */
		803FD2131E80506F008FB388 /* Main.storyboard */ = {
			isa = PBXVariantGroup;
			children = (
				803FD2141E80506F008FB388 /* Base */,
			);
			name = Main.storyboard;
			sourceTree = "<group>";
		};
		803FD2181E80506F008FB388 /* LaunchScreen.storyboard */ = {
			isa = PBXVariantGroup;
			children = (
				803FD2191E80506F008FB388 /* Base */,
			);
			name = LaunchScreen.storyboard;
			sourceTree = "<group>";
		};
/* End PBXVariantGroup section */

/* Begin XCBuildConfiguration section */
		803FD21C1E80506F008FB388 /* Debug */ = {
			isa = XCBuildConfiguration;
			buildSettings = {
				ALWAYS_SEARCH_USER_PATHS = NO;
				CLANG_ANALYZER_NONNULL = YES;
				CLANG_CXX_LANGUAGE_STANDARD = "gnu++0x";
				CLANG_CXX_LIBRARY = "libc++";
				CLANG_ENABLE_MODULES = YES;
				CLANG_ENABLE_OBJC_ARC = YES;
				CLANG_WARN_BOOL_CONVERSION = YES;
				CLANG_WARN_CONSTANT_CONVERSION = YES;
				CLANG_WARN_DIRECT_OBJC_ISA_USAGE = YES_ERROR;
				CLANG_WARN_DOCUMENTATION_COMMENTS = YES;
				CLANG_WARN_EMPTY_BODY = YES;
				CLANG_WARN_ENUM_CONVERSION = YES;
				CLANG_WARN_INFINITE_RECURSION = YES;
				CLANG_WARN_INT_CONVERSION = YES;
				CLANG_WARN_OBJC_ROOT_CLASS = YES_ERROR;
				CLANG_WARN_SUSPICIOUS_MOVE = YES;
				CLANG_WARN_UNREACHABLE_CODE = YES;
				CLANG_WARN__DUPLICATE_METHOD_MATCH = YES;
				"CODE_SIGN_IDENTITY[sdk=iphoneos*]" = "iPhone Developer";
				COPY_PHASE_STRIP = NO;
				DEBUG_INFORMATION_FORMAT = dwarf;
				ENABLE_STRICT_OBJC_MSGSEND = YES;
				ENABLE_TESTABILITY = YES;
				GCC_C_LANGUAGE_STANDARD = gnu99;
				GCC_DYNAMIC_NO_PIC = NO;
				GCC_NO_COMMON_BLOCKS = YES;
				GCC_OPTIMIZATION_LEVEL = 0;
				GCC_PREPROCESSOR_DEFINITIONS = (
					"DEBUG=1",
					"$(inherited)",
				);
				GCC_WARN_64_TO_32_BIT_CONVERSION = YES;
				GCC_WARN_ABOUT_RETURN_TYPE = YES_ERROR;
				GCC_WARN_UNDECLARED_SELECTOR = YES;
				GCC_WARN_UNINITIALIZED_AUTOS = YES_AGGRESSIVE;
				GCC_WARN_UNUSED_FUNCTION = YES;
				GCC_WARN_UNUSED_VARIABLE = YES;
				IPHONEOS_DEPLOYMENT_TARGET = 10.2;
				MTL_ENABLE_DEBUG_INFO = YES;
				ONLY_ACTIVE_ARCH = YES;
				SDKROOT = iphoneos;
				SWIFT_ACTIVE_COMPILATION_CONDITIONS = DEBUG;
				SWIFT_OPTIMIZATION_LEVEL = "-Onone";
			};
			name = Debug;
		};
		803FD21D1E80506F008FB388 /* Release */ = {
			isa = XCBuildConfiguration;
			buildSettings = {
				ALWAYS_SEARCH_USER_PATHS = NO;
				CLANG_ANALYZER_NONNULL = YES;
				CLANG_CXX_LANGUAGE_STANDARD = "gnu++0x";
				CLANG_CXX_LIBRARY = "libc++";
				CLANG_ENABLE_MODULES = YES;
				CLANG_ENABLE_OBJC_ARC = YES;
				CLANG_WARN_BOOL_CONVERSION = YES;
				CLANG_WARN_CONSTANT_CONVERSION = YES;
				CLANG_WARN_DIRECT_OBJC_ISA_USAGE = YES_ERROR;
				CLANG_WARN_DOCUMENTATION_COMMENTS = YES;
				CLANG_WARN_EMPTY_BODY = YES;
				CLANG_WARN_ENUM_CONVERSION = YES;
				CLANG_WARN_INFINITE_RECURSION = YES;
				CLANG_WARN_INT_CONVERSION = YES;
				CLANG_WARN_OBJC_ROOT_CLASS = YES_ERROR;
				CLANG_WARN_SUSPICIOUS_MOVE = YES;
				CLANG_WARN_UNREACHABLE_CODE = YES;
				CLANG_WARN__DUPLICATE_METHOD_MATCH = YES;
				"CODE_SIGN_IDENTITY[sdk=iphoneos*]" = "iPhone Developer";
				COPY_PHASE_STRIP = NO;
				DEBUG_INFORMATION_FORMAT = "dwarf-with-dsym";
				ENABLE_NS_ASSERTIONS = NO;
				ENABLE_STRICT_OBJC_MSGSEND = YES;
				GCC_C_LANGUAGE_STANDARD = gnu99;
				GCC_NO_COMMON_BLOCKS = YES;
				GCC_WARN_64_TO_32_BIT_CONVERSION = YES;
				GCC_WARN_ABOUT_RETURN_TYPE = YES_ERROR;
				GCC_WARN_UNDECLARED_SELECTOR = YES;
				GCC_WARN_UNINITIALIZED_AUTOS = YES_AGGRESSIVE;
				GCC_WARN_UNUSED_FUNCTION = YES;
				GCC_WARN_UNUSED_VARIABLE = YES;
				IPHONEOS_DEPLOYMENT_TARGET = 10.2;
				MTL_ENABLE_DEBUG_INFO = NO;
				SDKROOT = iphoneos;
				SWIFT_OPTIMIZATION_LEVEL = "-Owholemodule";
				VALIDATE_PRODUCT = YES;
			};
			name = Release;
		};
		803FD21F1E80506F008FB388 /* Debug */ = {
			isa = XCBuildConfiguration;
			buildSettings = {
				ASSETCATALOG_COMPILER_APPICON_NAME = AppIcon;
				DEVELOPMENT_TEAM = 6SM6T77LCE;
				INFOPLIST_FILE = HolaMundo/Info.plist;
				LD_RUNPATH_SEARCH_PATHS = "$(inherited) @executable_path/Frameworks";
				PRODUCT_BUNDLE_IDENTIFIER = com.companydiro7.HolaMundo;
				PRODUCT_NAME = "$(TARGET_NAME)";
				SWIFT_VERSION = 3.0;
			};
			name = Debug;
		};
		803FD2201E80506F008FB388 /* Release */ = {
			isa = XCBuildConfiguration;
			buildSettings = {
				ASSETCATALOG_COMPILER_APPICON_NAME = AppIcon;
				DEVELOPMENT_TEAM = 6SM6T77LCE;
				INFOPLIST_FILE = HolaMundo/Info.plist;
				LD_RUNPATH_SEARCH_PATHS = "$(inherited) @executable_path/Frameworks";
				PRODUCT_BUNDLE_IDENTIFIER = com.companydiro7.HolaMundo;
				PRODUCT_NAME = "$(TARGET_NAME)";
				SWIFT_VERSION = 3.0;
			};
			name = Release;
		};
/* End XCBuildConfiguration section */

/* Begin XCConfigurationList section */
		803FD2071E80506F008FB388 /* Build configuration list for PBXProject "Aleatorio" */ = {
			isa = XCConfigurationList;
			buildConfigurations = (
				803FD21C1E80506F008FB388 /* Debug */,
				803FD21D1E80506F008FB388 /* Release */,
			);
			defaultConfigurationIsVisible = 0;
			defaultConfigurationName = Release;
		};
		803FD21E1E80506F008FB388 /* Build configuration list for PBXNativeTarget "Aleatorio" */ = {
			isa = XCConfigurationList;
			buildConfigurations = (
				803FD21F1E80506F008FB388 /* Debug */,
				803FD2201E80506F008FB388 /* Release */,
			);
			defaultConfigurationIsVisible = 0;
			defaultConfigurationName = Release;
		};
/* End XCConfigurationList section */
	};
	rootObject = 803FD2041E80506F008FB388 /* Project object */;
}
